[["version","2"]]
["","git-latest",["https://github.com/dagger/dang-sdk"],"refs/heads/main"]
["","git-sha",["https://github.com/dagger/dang-sdk","refs/heads/main"],"29090a071374b5adaa5ad5b3ce00524afe01dcc2"]
["","oci-sha",["docker.io/davidanson/markdownlint-cli2:v0.23.2"],"sha256:839558fd0d36c46da0e01ea84fd1d20a2822b5a8a60c16dc9708f0bb7c9e903b"]
["","oci-sha",["docker.io/library/alpine:3"],"sha256:28bd5fe8b56d1bd048e5babf5b10710ebe0bae67db86916198a6eec434943f8b"]
["","oci-sha",["docker.io/library/golang:1.26-alpine"],"sha256:28d89ee9cc0ff9fec75c82ca201e6bf7fdf9a679d4b7b24dfa04f2bb766bb468"]
["","oci-sha",["docker.io/library/node:24-alpine"],"sha256:e67514e5d0f6c46656005e1b693b2ec9d52e80b641307de684d4a015ba7a4eaf"]