[["version","2"]]
["","container.from",["docker.io/davidanson/markdownlint-cli2:v0.23.2","linux/arm64"],"sha256:839558fd0d36c46da0e01ea84fd1d20a2822b5a8a60c16dc9708f0bb7c9e903b"]
["","container.from",["docker.io/library/alpine:3","linux/arm64"],"sha256:28bd5fe8b56d1bd048e5babf5b10710ebe0bae67db86916198a6eec434943f8b"]
["","container.from",["docker.io/library/golang:1.26-alpine","linux/arm64"],"sha256:0178a641fbb4858c5f1b48e34bdaabe0350a330a1b1149aabd498d0699ff5fb2"]
["","container.from",["docker.io/library/node:24-alpine","linux/arm64"],"sha256:d32cdf619f63fe0471182d08996dd516c6275bb5fd31ae06e55a570bd9e1ad43"]
["","git.ref",["https://github.com/dagger/dang-sdk","HEAD"],{"sha":"c724eec4270870aae489daa9f3cb8cbacfb44680"}]
["","git.ref",["https://github.com/dagger/go-sdk","HEAD"],{"sha":"81afcb3d18791ed76bf0f8cd09a6f730abb49a1c"}]